github.com/go-piv/piv-go v1.11.0 h1:5vAaCdRTFSIW4PeqMbnsDlUZ7odMYWnHBDGdmtU/Zhg=
github.com/go-piv/piv-go v1.11.0/go.mod h1:NZ2zmjVkfFaL/CF8cVQ/pXdXtuj110zEKGdJM6fJZZM=
github.com/twpayne/go-pinentry-minimal v0.0.0-20220113210447-2a5dc4396c2a h1:a1bRrtgkiv0tytmDVXU5Dqse/WOTws7JvsY2WxPMZ6M=
github.com/twpayne/go-pinentry-minimal v0.0.0-20220113210447-2a5dc4396c2a/go.mod h1:ARJJXqNuaxVS84jX6ST52hQh0TtuQZWABhTe95a6BI4=
golang.org/x/crypto v0.36.0 h1:AnAEvhDddvBdpY+uR+MyHmuZzzNqXSe/GvuDeob5L34=
golang.org/x/crypto v0.36.0/go.mod h1:Y4J0ReaxCR1IMaabaSMugxJES1EpwhBHhv2bDHklZvc=
golang.org/x/sys v0.31.0 h1:ioabZlmFYtWhL+TRYpcnNlLwhyxaM9kWTDEmfnprqik=
golang.org/x/sys v0.31.0/go.mod h1:BJP2sWEmIv4KK5OTEluFJCKSidICx8ciO85XgH3Ak8k=
golang.org/x/term v0.30.0 h1:PQ39fJZ+mfadBm0y5WlL4vlM7Sx1Hgf13sMIY2+QS9Y=
golang.org/x/term v0.30.0/go.mod h1:NYYFdzHoI5wRh/h5tDMdMqCqPJZEuNqVR5xJLd/n67g=
